<?xml version="1.0" encoding="utf-8"?>
<Project ToolsVersion="4.0" xmlns="http://schemas.microsoft.com/developer/msbuild/2003">
  <ItemGroup>
    <ClCompile Include="MayaExample.cpp" />
    <ClCompile Include="ScaleHairOperatorNode.cpp" />
    <ClCompile Include="StrandsOperatorNode.cpp" />
  </ItemGroup>
  <ItemGroup>
    <ClInclude Include="ScaleHairOperatorNode.h" />
    <ClInclude Include="StrandsOperatorNode.h" />
  </ItemGroup>
</Project>